
Microsoft Visual Studio Solution File, Format Version 12.00
# Visual Studio Version 17
VisualStudioVersion = 17.14.36327.8 d17.14
MinimumVisualStudioVersion = 10.0.40219.1
Project("{FAE04EC0-301F-11D3-BF4B-00C04F79EFBC}") = "API_Simulacao", "API_Simulacao\API_Simulacao.csproj", "{AC0B8F01-57B3-4491-A5A6-0EB4BD596806}"
EndProject
Global
	GlobalSection(SolutionConfigurationPlatforms) = preSolution
		Debug|Any CPU = Debug|Any CPU
		Release|Any CPU = Release|Any CPU
	EndGlobalSection
	GlobalSection(ProjectConfigurationPlatforms) = postSolution
		{AC0B8F01-57B3-4491-A5A6-0EB4BD596806}.Debug|Any CPU.ActiveCfg = Debug|Any CPU
		{AC0B8F01-57B3-4491-A5A6-0EB4BD596806}.Debug|Any CPU.Build.0 = Debug|Any CPU
		{AC0B8F01-57B3-4491-A5A6-0EB4BD596806}.Release|Any CPU.ActiveCfg = Release|Any CPU
		{AC0B8F01-57B3-4491-A5A6-0EB4BD596806}.Release|Any CPU.Build.0 = Release|Any CPU
	EndGlobalSection
	GlobalSection(SolutionProperties) = preSolution
		HideSolutionNode = FALSE
	EndGlobalSection
	GlobalSection(ExtensibilityGlobals) = postSolution
		SolutionGuid = {FE31A66F-3C60-48A6-B274-EF0CC2CB0FBE}
	EndGlobalSection
EndGlobal
